
Microsoft Visual Studio Solution File, Format Version 12.00
# Visual Studio Version 17
VisualStudioVersion = 17.5.33530.505
MinimumVisualStudioVersion = 10.0.40219.1
Project("{9A19103F-16F7-4668-BE54-9A1E7A4F7556}") = "GreenVolley.FrontEnd", "GreenVolley.FrontEnd\GreenVolley.FrontEnd.csproj", "{0F106B19-24A8-4241-B900-77CF70C5F941}"
EndProject
Global
	GlobalSection(SolutionConfigurationPlatforms) = preSolution
		Debug|Any CPU = Debug|Any CPU
		Release|Any CPU = Release|Any CPU
	EndGlobalSection
	GlobalSection(ProjectConfigurationPlatforms) = postSolution
		{0F106B19-24A8-4241-B900-77CF70C5F941}.Debug|Any CPU.ActiveCfg = Debug|Any CPU
		{0F106B19-24A8-4241-B900-77CF70C5F941}.Debug|Any CPU.Build.0 = Debug|Any CPU
		{0F106B19-24A8-4241-B900-77CF70C5F941}.Release|Any CPU.ActiveCfg = Release|Any CPU
		{0F106B19-24A8-4241-B900-77CF70C5F941}.Release|Any CPU.Build.0 = Release|Any CPU
	EndGlobalSection
	GlobalSection(SolutionProperties) = preSolution
		HideSolutionNode = FALSE
	EndGlobalSection
	GlobalSection(ExtensibilityGlobals) = postSolution
		SolutionGuid = {2A61A12B-E74D-4FFA-9DB7-FDF0D2569680}
	EndGlobalSection
EndGlobal
