
Microsoft Visual Studio Solution File, Format Version 12.00
# Visual Studio Version 18
VisualStudioVersion = 18.6.11709.129
MinimumVisualStudioVersion = 10.0.40219.1
Project("{FAE04EC0-301F-11D3-BF4B-00C04F79EFBC}") = "Greenvolley2", "Greenvolley2\Greenvolley2.csproj", "{A3A198F7-405E-460C-9F00-15C8281B614F}"
EndProject
Global
	GlobalSection(SolutionConfigurationPlatforms) = preSolution
		Debug|Any CPU = Debug|Any CPU
		Release|Any CPU = Release|Any CPU
	EndGlobalSection
	GlobalSection(ProjectConfigurationPlatforms) = postSolution
		{A3A198F7-405E-460C-9F00-15C8281B614F}.Debug|Any CPU.ActiveCfg = Debug|Any CPU
		{A3A198F7-405E-460C-9F00-15C8281B614F}.Debug|Any CPU.Build.0 = Debug|Any CPU
		{A3A198F7-405E-460C-9F00-15C8281B614F}.Release|Any CPU.ActiveCfg = Release|Any CPU
		{A3A198F7-405E-460C-9F00-15C8281B614F}.Release|Any CPU.Build.0 = Release|Any CPU
	EndGlobalSection
	GlobalSection(SolutionProperties) = preSolution
		HideSolutionNode = FALSE
	EndGlobalSection
	GlobalSection(ExtensibilityGlobals) = postSolution
		SolutionGuid = {2A61A12B-E74D-4FFA-9DB7-FDF0D2569680}
	EndGlobalSection
EndGlobal
